
Microsoft Visual Studio Solution File, Format Version 12.00
# Visual Studio Version 17
VisualStudioVersion = 17.2.32630.192
MinimumVisualStudioVersion = 10.0.40219.1
Project("{9A19103F-16F7-4668-BE54-9A1E7A4F7556}") = "WebAppWithMediatR", "WebAppWithMediatR\WebAppWithMediatR.csproj", "{15304080-468D-47B0-9527-23D4CA6D7978}"
EndProject
Project("{9A19103F-16F7-4668-BE54-9A1E7A4F7556}") = "WebAppWithEventDelegate", "WebAppWithEventDelegate\WebAppWithEventDelegate.csproj", "{1C017F71-F5F0-4E28-B567-4DA0B91E61D2}"
EndProject
Project("{9A19103F-16F7-4668-BE54-9A1E7A4F7556}") = "SharedDomain", "SharedDomain\SharedDomain.csproj", "{1EED3F95-4F5B-43D1-9F53-D58C9CC871C6}"
EndProject
Project("{9A19103F-16F7-4668-BE54-9A1E7A4F7556}") = "WebAppWithEventDelegateV2", "WebAppWithEventDelegateV2\WebAppWithEventDelegateV2.csproj", "{ED72F3EA-A560-4457-B7B2-C5F74EFFEA87}"
EndProject
Project("{E53339B2-1760-4266-BCC7-CA923CBCF16C}") = "docker-compose", "docker-compose.dcproj", "{4F7FC43C-AF01-4CDE-9C1C-760EC4B0EF7B}"
EndProject
Global
	GlobalSection(SolutionConfigurationPlatforms) = preSolution
		Debug|Any CPU = Debug|Any CPU
		Release|Any CPU = Release|Any CPU
	EndGlobalSection
	GlobalSection(ProjectConfigurationPlatforms) = postSolution
		{15304080-468D-47B0-9527-23D4CA6D7978}.Debug|Any CPU.ActiveCfg = Debug|Any CPU
		{15304080-468D-47B0-9527-23D4CA6D7978}.Debug|Any CPU.Build.0 = Debug|Any CPU
		{15304080-468D-47B0-9527-23D4CA6D7978}.Release|Any CPU.ActiveCfg = Release|Any CPU
		{15304080-468D-47B0-9527-23D4CA6D7978}.Release|Any CPU.Build.0 = Release|Any CPU
		{1C017F71-F5F0-4E28-B567-4DA0B91E61D2}.Debug|Any CPU.ActiveCfg = Debug|Any CPU
		{1C017F71-F5F0-4E28-B567-4DA0B91E61D2}.Debug|Any CPU.Build.0 = Debug|Any CPU
		{1C017F71-F5F0-4E28-B567-4DA0B91E61D2}.Release|Any CPU.ActiveCfg = Release|Any CPU
		{1C017F71-F5F0-4E28-B567-4DA0B91E61D2}.Release|Any CPU.Build.0 = Release|Any CPU
		{1EED3F95-4F5B-43D1-9F53-D58C9CC871C6}.Debug|Any CPU.ActiveCfg = Debug|Any CPU
		{1EED3F95-4F5B-43D1-9F53-D58C9CC871C6}.Debug|Any CPU.Build.0 = Debug|Any CPU
		{1EED3F95-4F5B-43D1-9F53-D58C9CC871C6}.Release|Any CPU.ActiveCfg = Release|Any CPU
		{1EED3F95-4F5B-43D1-9F53-D58C9CC871C6}.Release|Any CPU.Build.0 = Release|Any CPU
		{ED72F3EA-A560-4457-B7B2-C5F74EFFEA87}.Debug|Any CPU.ActiveCfg = Debug|Any CPU
		{ED72F3EA-A560-4457-B7B2-C5F74EFFEA87}.Debug|Any CPU.Build.0 = Debug|Any CPU
		{ED72F3EA-A560-4457-B7B2-C5F74EFFEA87}.Release|Any CPU.ActiveCfg = Release|Any CPU
		{ED72F3EA-A560-4457-B7B2-C5F74EFFEA87}.Release|Any CPU.Build.0 = Release|Any CPU
		{4F7FC43C-AF01-4CDE-9C1C-760EC4B0EF7B}.Debug|Any CPU.ActiveCfg = Debug|Any CPU
		{4F7FC43C-AF01-4CDE-9C1C-760EC4B0EF7B}.Debug|Any CPU.Build.0 = Debug|Any CPU
		{4F7FC43C-AF01-4CDE-9C1C-760EC4B0EF7B}.Release|Any CPU.ActiveCfg = Release|Any CPU
		{4F7FC43C-AF01-4CDE-9C1C-760EC4B0EF7B}.Release|Any CPU.Build.0 = Release|Any CPU
	EndGlobalSection
	GlobalSection(SolutionProperties) = preSolution
		HideSolutionNode = FALSE
	EndGlobalSection
	GlobalSection(ExtensibilityGlobals) = postSolution
		SolutionGuid = {8CAA1F0E-05C6-4918-BD77-7EF72C243751}
	EndGlobalSection
EndGlobal
